// !$*UTF8*$!
{
	archiveVersion = 1;
	classes = {
	};
	objectVersion = 46;
	objects = {

/* Begin PBXBuildFile section */
		3800CADD14E48BC800B85319 /* MobileCoreServices.framework in Frameworks */ = {isa = PBXBuildFile; fileRef = 3800CADC14E48BC800B85319 /* MobileCoreServices.framework */; };
		3800CAE214E48CAE00B85319 /* SpdySession.h in Headers */ = {isa = PBXBuildFile; fileRef = 3800CADE14E48CAE00B85319 /* SpdySession.h */; settings = {ATTRIBUTES = (); }; };
		3800CAE314E48CAE00B85319 /* SpdySession.m in Sources */ = {isa = PBXBuildFile; fileRef = 3800CADF14E48CAE00B85319 /* SpdySession.m */; };
		3800CAE414E48CAE00B85319 /* SpdyStream.h in Headers */ = {isa = PBXBuildFile; fileRef = 3800CAE014E48CAE00B85319 /* SpdyStream.h */; };
		3800CAE514E48CAE00B85319 /* SpdyStream.m in Sources */ = {isa = PBXBuildFile; fileRef = 3800CAE114E48CAE00B85319 /* SpdyStream.m */; };
		3800CAE714E491F800B85319 /* libspdylay.a in Frameworks */ = {isa = PBXBuildFile; fileRef = 3800CAE614E491F800B85319 /* libspdylay.a */; };
		3800CAF214E499D400B85319 /* libssl.a in Frameworks */ = {isa = PBXBuildFile; fileRef = 3800CAF114E499D400B85319 /* libssl.a */; };
		3800CAF414E499E200B85319 /* libcrypto.a in Frameworks */ = {isa = PBXBuildFile; fileRef = 3800CAF314E499E200B85319 /* libcrypto.a */; };
		380A212814EC30F200262B13 /* SpdyStreamTests.h in Headers */ = {isa = PBXBuildFile; fileRef = 380A212614EC30F200262B13 /* SpdyStreamTests.h */; };
		380A212A14EC312300262B13 /* SpdyStreamTests.m in Sources */ = {isa = PBXBuildFile; fileRef = 380A212714EC30F200262B13 /* SpdyStreamTests.m */; };
		380A212D14EC348B00262B13 /* MobileCoreServices.framework in Frameworks */ = {isa = PBXBuildFile; fileRef = 3800CADC14E48BC800B85319 /* MobileCoreServices.framework */; };
		380A212F14EC34C200262B13 /* libz.a in Frameworks */ = {isa = PBXBuildFile; fileRef = 380A212E14EC34C200262B13 /* libz.a */; };
		380A213614EC364A00262B13 /* CFNetwork.framework in Frameworks */ = {isa = PBXBuildFile; fileRef = 380A213414EC362800262B13 /* CFNetwork.framework */; };
		380A213714EC366100262B13 /* CFNetwork.framework in Frameworks */ = {isa = PBXBuildFile; fileRef = 380A213414EC362800262B13 /* CFNetwork.framework */; };
		380A21A714F2FCBC00262B13 /* SpdySessionTests.h in Headers */ = {isa = PBXBuildFile; fileRef = 380A21A514F2FCBC00262B13 /* SpdySessionTests.h */; };
		380A21A914F2FCE100262B13 /* SpdySessionTests.m in Sources */ = {isa = PBXBuildFile; fileRef = 380A21A614F2FCBC00262B13 /* SpdySessionTests.m */; };
		3870AF5614E47F8E009D8118 /* Foundation.framework in Frameworks */ = {isa = PBXBuildFile; fileRef = 3870AF5514E47F8E009D8118 /* Foundation.framework */; };
		3870AF5C14E47F8E009D8118 /* SPDY.m in Sources */ = {isa = PBXBuildFile; fileRef = 3870AF5B14E47F8E009D8118 /* SPDY.m */; };
		3870AF6414E47F8E009D8118 /* SenTestingKit.framework in Frameworks */ = {isa = PBXBuildFile; fileRef = 3870AF6314E47F8E009D8118 /* SenTestingKit.framework */; };
		3870AF6614E47F8E009D8118 /* UIKit.framework in Frameworks */ = {isa = PBXBuildFile; fileRef = 3870AF6514E47F8E009D8118 /* UIKit.framework */; };
		3870AF6714E47F8E009D8118 /* Foundation.framework in Frameworks */ = {isa = PBXBuildFile; fileRef = 3870AF5514E47F8E009D8118 /* Foundation.framework */; };
		3870AF6A14E47F8E009D8118 /* libSPDY.a in Frameworks */ = {isa = PBXBuildFile; fileRef = 3870AF5214E47F8E009D8118 /* libSPDY.a */; };
		3870AF7014E47F8E009D8118 /* InfoPlist.strings in Resources */ = {isa = PBXBuildFile; fileRef = 3870AF6E14E47F8E009D8118 /* InfoPlist.strings */; };
		3870AF7314E47F8E009D8118 /* SPDYTests.m in Sources */ = {isa = PBXBuildFile; fileRef = 3870AF7214E47F8E009D8118 /* SPDYTests.m */; };
		3889D68F14FEE41200DDED3F /* SpdyInputStream.h in Headers */ = {isa = PBXBuildFile; fileRef = 3889D68D14FEE41200DDED3F /* SpdyInputStream.h */; };
		3889D69014FEE41200DDED3F /* SpdyInputStream.m in Sources */ = {isa = PBXBuildFile; fileRef = 3889D68E14FEE41200DDED3F /* SpdyInputStream.m */; };
		3889D69D15001BD400DDED3F /* EndToEndTests.m in Sources */ = {isa = PBXBuildFile; fileRef = 3889D69C15001BD400DDED3F /* EndToEndTests.m */; };
		3889D6A1150022DC00DDED3F /* SpdyInputStreamTests.m in Sources */ = {isa = PBXBuildFile; fileRef = 3889D6A0150022DC00DDED3F /* SpdyInputStreamTests.m */; };
		38FFF69414E9A303001A974E /* SPDY.h in Headers */ = {isa = PBXBuildFile; fileRef = 3870AF5A14E47F8E009D8118 /* SPDY.h */; settings = {ATTRIBUTES = (Public, ); }; };
/* End PBXBuildFile section */

/* Begin PBXContainerItemProxy section */
		3870AF6814E47F8E009D8118 /* PBXContainerItemProxy */ = {
			isa = PBXContainerItemProxy;
			containerPortal = 3870AF4914E47F8E009D8118 /* Project object */;
			proxyType = 1;
			remoteGlobalIDString = 3870AF5114E47F8E009D8118;
			remoteInfo = SPDY;
		};
/* End PBXContainerItemProxy section */

/* Begin PBXFileReference section */
		3800CADC14E48BC800B85319 /* MobileCoreServices.framework */ = {isa = PBXFileReference; lastKnownFileType = wrapper.framework; name = MobileCoreServices.framework; path = System/Library/Frameworks/MobileCoreServices.framework; sourceTree = SDKROOT; };
		3800CADE14E48CAE00B85319 /* SpdySession.h */ = {isa = PBXFileReference; fileEncoding = 4; lastKnownFileType = sourcecode.c.h; path = SpdySession.h; sourceTree = "<group>"; };
		3800CADF14E48CAE00B85319 /* SpdySession.m */ = {isa = PBXFileReference; fileEncoding = 4; lastKnownFileType = sourcecode.c.objc; path = SpdySession.m; sourceTree = "<group>"; };
		3800CAE014E48CAE00B85319 /* SpdyStream.h */ = {isa = PBXFileReference; fileEncoding = 4; lastKnownFileType = sourcecode.c.h; path = SpdyStream.h; sourceTree = "<group>"; };
		3800CAE114E48CAE00B85319 /* SpdyStream.m */ = {isa = PBXFileReference; fileEncoding = 4; lastKnownFileType = sourcecode.c.objc; path = SpdyStream.m; sourceTree = "<group>"; };
		3800CAE614E491F800B85319 /* libspdylay.a */ = {isa = PBXFileReference; lastKnownFileType = archive.ar; name = libspdylay.a; path = ../build/lib/libspdylay.a; sourceTree = "<group>"; };
		3800CAE814E4920E00B85319 /* libcrypto.a */ = {isa = PBXFileReference; lastKnownFileType = archive.ar; name = libcrypto.a; path = "../OpenSSL-for-iPhone/libcrypto.a"; sourceTree = "<group>"; };
		3800CAE914E4920E00B85319 /* libssl.a */ = {isa = PBXFileReference; lastKnownFileType = archive.ar; name = libssl.a; path = "../OpenSSL-for-iPhone/libssl.a"; sourceTree = "<group>"; };
		3800CAF114E499D400B85319 /* libssl.a */ = {isa = PBXFileReference; lastKnownFileType = archive.ar; name = libssl.a; path = ../build/lib/libssl.a; sourceTree = "<group>"; };
		3800CAF314E499E200B85319 /* libcrypto.a */ = {isa = PBXFileReference; lastKnownFileType = archive.ar; name = libcrypto.a; path = ../build/lib/libcrypto.a; sourceTree = "<group>"; };
		380A212614EC30F200262B13 /* SpdyStreamTests.h */ = {isa = PBXFileReference; fileEncoding = 4; lastKnownFileType = sourcecode.c.h; path = SpdyStreamTests.h; sourceTree = "<group>"; };
		380A212714EC30F200262B13 /* SpdyStreamTests.m */ = {isa = PBXFileReference; fileEncoding = 4; lastKnownFileType = sourcecode.c.objc; path = SpdyStreamTests.m; sourceTree = "<group>"; };
		380A212B14EC345500262B13 /* CoreFoundation.framework */ = {isa = PBXFileReference; lastKnownFileType = wrapper.framework; name = CoreFoundation.framework; path = System/Library/Frameworks/CoreFoundation.framework; sourceTree = SDKROOT; };
		380A212E14EC34C200262B13 /* libz.a */ = {isa = PBXFileReference; lastKnownFileType = archive.ar; name = libz.a; path = ../build/lib/libz.a; sourceTree = "<group>"; };
		380A213214EC360900262B13 /* CFNetwork.framework */ = {isa = PBXFileReference; lastKnownFileType = wrapper.framework; name = CFNetwork.framework; path = Platforms/iPhoneSimulator.platform/Developer/SDKs/iPhoneSimulator4.3.sdk/System/Library/Frameworks/CFNetwork.framework; sourceTree = DEVELOPER_DIR; };
		380A213414EC362800262B13 /* CFNetwork.framework */ = {isa = PBXFileReference; lastKnownFileType = wrapper.framework; name = CFNetwork.framework; path = System/Library/Frameworks/CFNetwork.framework; sourceTree = SDKROOT; };
		380A21A514F2FCBC00262B13 /* SpdySessionTests.h */ = {isa = PBXFileReference; fileEncoding = 4; lastKnownFileType = sourcecode.c.h; path = SpdySessionTests.h; sourceTree = "<group>"; };
		380A21A614F2FCBC00262B13 /* SpdySessionTests.m */ = {isa = PBXFileReference; fileEncoding = 4; lastKnownFileType = sourcecode.c.objc; path = SpdySessionTests.m; sourceTree = "<group>"; };
		3870AF5214E47F8E009D8118 /* libSPDY.a */ = {isa = PBXFileReference; explicitFileType = archive.ar; includeInIndex = 0; path = libSPDY.a; sourceTree = BUILT_PRODUCTS_DIR; };
		3870AF5514E47F8E009D8118 /* Foundation.framework */ = {isa = PBXFileReference; lastKnownFileType = wrapper.framework; name = Foundation.framework; path = System/Library/Frameworks/Foundation.framework; sourceTree = SDKROOT; };
		3870AF5914E47F8E009D8118 /* SPDY-Prefix.pch */ = {isa = PBXFileReference; lastKnownFileType = sourcecode.c.h; path = "SPDY-Prefix.pch"; sourceTree = "<group>"; };
		3870AF5A14E47F8E009D8118 /* SPDY.h */ = {isa = PBXFileReference; lastKnownFileType = sourcecode.c.h; path = SPDY.h; sourceTree = "<group>"; };
		3870AF5B14E47F8E009D8118 /* SPDY.m */ = {isa = PBXFileReference; lastKnownFileType = sourcecode.c.objc; path = SPDY.m; sourceTree = "<group>"; };
		3870AF6214E47F8E009D8118 /* SPDYTests.octest */ = {isa = PBXFileReference; explicitFileType = wrapper.cfbundle; includeInIndex = 0; path = SPDYTests.octest; sourceTree = BUILT_PRODUCTS_DIR; };
		3870AF6314E47F8E009D8118 /* SenTestingKit.framework */ = {isa = PBXFileReference; lastKnownFileType = wrapper.framework; name = SenTestingKit.framework; path = Library/Frameworks/SenTestingKit.framework; sourceTree = DEVELOPER_DIR; };
		3870AF6514E47F8E009D8118 /* UIKit.framework */ = {isa = PBXFileReference; lastKnownFileType = wrapper.framework; name = UIKit.framework; path = Library/Frameworks/UIKit.framework; sourceTree = DEVELOPER_DIR; };
		3870AF6D14E47F8E009D8118 /* SPDYTests-Info.plist */ = {isa = PBXFileReference; lastKnownFileType = text.plist.xml; path = "SPDYTests-Info.plist"; sourceTree = "<group>"; };
		3870AF6F14E47F8E009D8118 /* en */ = {isa = PBXFileReference; lastKnownFileType = text.plist.strings; name = en; path = en.lproj/InfoPlist.strings; sourceTree = "<group>"; };
		3870AF7114E47F8E009D8118 /* SPDYTests.h */ = {isa = PBXFileReference; lastKnownFileType = sourcecode.c.h; path = SPDYTests.h; sourceTree = "<group>"; };
		3870AF7214E47F8E009D8118 /* SPDYTests.m */ = {isa = PBXFileReference; lastKnownFileType = sourcecode.c.objc; path = SPDYTests.m; sourceTree = "<group>"; };
		3889D68D14FEE41200DDED3F /* SpdyInputStream.h */ = {isa = PBXFileReference; fileEncoding = 4; lastKnownFileType = sourcecode.c.h; path = SpdyInputStream.h; sourceTree = "<group>"; };
		3889D68E14FEE41200DDED3F /* SpdyInputStream.m */ = {isa = PBXFileReference; fileEncoding = 4; lastKnownFileType = sourcecode.c.objc; path = SpdyInputStream.m; sourceTree = "<group>"; };
		3889D69B15001BD400DDED3F /* EndToEndTests.h */ = {isa = PBXFileReference; fileEncoding = 4; lastKnownFileType = sourcecode.c.h; path = EndToEndTests.h; sourceTree = "<group>"; };
		3889D69C15001BD400DDED3F /* EndToEndTests.m */ = {isa = PBXFileReference; fileEncoding = 4; lastKnownFileType = sourcecode.c.objc; path = EndToEndTests.m; sourceTree = "<group>"; };
		3889D69F150022DC00DDED3F /* SpdyInputStreamTests.h */ = {isa = PBXFileReference; fileEncoding = 4; lastKnownFileType = sourcecode.c.h; path = SpdyInputStreamTests.h; sourceTree = "<group>"; };
		3889D6A0150022DC00DDED3F /* SpdyInputStreamTests.m */ = {isa = PBXFileReference; fileEncoding = 4; lastKnownFileType = sourcecode.c.objc; path = SpdyInputStreamTests.m; sourceTree = "<group>"; };
/* End PBXFileReference section */

/* Begin PBXFrameworksBuildPhase section */
		3870AF4F14E47F8E009D8118 /* Frameworks */ = {
			isa = PBXFrameworksBuildPhase;
			buildActionMask = 2147483647;
			files = (
				3800CAF414E499E200B85319 /* libcrypto.a in Frameworks */,
				3800CAF214E499D400B85319 /* libssl.a in Frameworks */,
				3800CAE714E491F800B85319 /* libspdylay.a in Frameworks */,
				3800CADD14E48BC800B85319 /* MobileCoreServices.framework in Frameworks */,
				380A213614EC364A00262B13 /* CFNetwork.framework in Frameworks */,
				3870AF5614E47F8E009D8118 /* Foundation.framework in Frameworks */,
			);
			runOnlyForDeploymentPostprocessing = 0;
		};
		3870AF5E14E47F8E009D8118 /* Frameworks */ = {
			isa = PBXFrameworksBuildPhase;
			buildActionMask = 2147483647;
			files = (
				3870AF6A14E47F8E009D8118 /* libSPDY.a in Frameworks */,
				380A212F14EC34C200262B13 /* libz.a in Frameworks */,
				3870AF6414E47F8E009D8118 /* SenTestingKit.framework in Frameworks */,
				3870AF6614E47F8E009D8118 /* UIKit.framework in Frameworks */,
				380A212D14EC348B00262B13 /* MobileCoreServices.framework in Frameworks */,
				380A213714EC366100262B13 /* CFNetwork.framework in Frameworks */,
				3870AF6714E47F8E009D8118 /* Foundation.framework in Frameworks */,
			);
			runOnlyForDeploymentPostprocessing = 0;
		};
/* End PBXFrameworksBuildPhase section */

/* Begin PBXGroup section */
		3870AF4714E47F8E009D8118 = {
			isa = PBXGroup;
			children = (
				380A213414EC362800262B13 /* CFNetwork.framework */,
				380A213214EC360900262B13 /* CFNetwork.framework */,
				380A212E14EC34C200262B13 /* libz.a */,
				380A212B14EC345500262B13 /* CoreFoundation.framework */,
				3800CAF314E499E200B85319 /* libcrypto.a */,
				3800CAF114E499D400B85319 /* libssl.a */,
				3800CAE814E4920E00B85319 /* libcrypto.a */,
				3800CAE914E4920E00B85319 /* libssl.a */,
				3800CAE614E491F800B85319 /* libspdylay.a */,
				3800CADC14E48BC800B85319 /* MobileCoreServices.framework */,
				3870AF5714E47F8E009D8118 /* SPDY */,
				3870AF6B14E47F8E009D8118 /* SPDYTests */,
				3870AF5414E47F8E009D8118 /* Frameworks */,
				3870AF5314E47F8E009D8118 /* Products */,
			);
			sourceTree = "<group>";
		};
		3870AF5314E47F8E009D8118 /* Products */ = {
			isa = PBXGroup;
			children = (
				3870AF5214E47F8E009D8118 /* libSPDY.a */,
				3870AF6214E47F8E009D8118 /* SPDYTests.octest */,
			);
			name = Products;
			sourceTree = "<group>";
		};
		3870AF5414E47F8E009D8118 /* Frameworks */ = {
			isa = PBXGroup;
			children = (
				3870AF5514E47F8E009D8118 /* Foundation.framework */,
				3870AF6314E47F8E009D8118 /* SenTestingKit.framework */,
				3870AF6514E47F8E009D8118 /* UIKit.framework */,
			);
			name = Frameworks;
			sourceTree = "<group>";
		};
		3870AF5714E47F8E009D8118 /* SPDY */ = {
			isa = PBXGroup;
			children = (
				3870AF5A14E47F8E009D8118 /* SPDY.h */,
				3870AF5B14E47F8E009D8118 /* SPDY.m */,
				3889D68D14FEE41200DDED3F /* SpdyInputStream.h */,
				3889D68E14FEE41200DDED3F /* SpdyInputStream.m */,
				3800CADE14E48CAE00B85319 /* SpdySession.h */,
				3800CADF14E48CAE00B85319 /* SpdySession.m */,
				3800CAE014E48CAE00B85319 /* SpdyStream.h */,
				3800CAE114E48CAE00B85319 /* SpdyStream.m */,
				3870AF5814E47F8E009D8118 /* Supporting Files */,
			);
			path = SPDY;
			sourceTree = "<group>";
		};
		3870AF5814E47F8E009D8118 /* Supporting Files */ = {
			isa = PBXGroup;
			children = (
				3870AF5914E47F8E009D8118 /* SPDY-Prefix.pch */,
			);
			name = "Supporting Files";
			sourceTree = "<group>";
		};
		3870AF6B14E47F8E009D8118 /* SPDYTests */ = {
			isa = PBXGroup;
			children = (
				3870AF7114E47F8E009D8118 /* SPDYTests.h */,
				3870AF7214E47F8E009D8118 /* SPDYTests.m */,
				380A212614EC30F200262B13 /* SpdyStreamTests.h */,
				380A212714EC30F200262B13 /* SpdyStreamTests.m */,
				380A21A514F2FCBC00262B13 /* SpdySessionTests.h */,
				380A21A614F2FCBC00262B13 /* SpdySessionTests.m */,
				3889D69F150022DC00DDED3F /* SpdyInputStreamTests.h */,
				3889D6A0150022DC00DDED3F /* SpdyInputStreamTests.m */,
				3889D69B15001BD400DDED3F /* EndToEndTests.h */,
				3889D69C15001BD400DDED3F /* EndToEndTests.m */,
				3870AF6C14E47F8E009D8118 /* Supporting Files */,
			);
			path = SPDYTests;
			sourceTree = "<group>";
		};
		3870AF6C14E47F8E009D8118 /* Supporting Files */ = {
			isa = PBXGroup;
			children = (
				3870AF6D14E47F8E009D8118 /* SPDYTests-Info.plist */,
				3870AF6E14E47F8E009D8118 /* InfoPlist.strings */,
			);
			name = "Supporting Files";
			sourceTree = "<group>";
		};
/* End PBXGroup section */

/* Begin PBXHeadersBuildPhase section */
		3870AF5014E47F8E009D8118 /* Headers */ = {
			isa = PBXHeadersBuildPhase;
			buildActionMask = 2147483647;
			files = (
				38FFF69414E9A303001A974E /* SPDY.h in Headers */,
				3800CAE414E48CAE00B85319 /* SpdyStream.h in Headers */,
				3800CAE214E48CAE00B85319 /* SpdySession.h in Headers */,
				380A212814EC30F200262B13 /* SpdyStreamTests.h in Headers */,
				380A21A714F2FCBC00262B13 /* SpdySessionTests.h in Headers */,
				3889D68F14FEE41200DDED3F /* SpdyInputStream.h in Headers */,
			);
			runOnlyForDeploymentPostprocessing = 0;
		};
/* End PBXHeadersBuildPhase section */

/* Begin PBXNativeTarget section */
		3870AF5114E47F8E009D8118 /* SPDY */ = {
			isa = PBXNativeTarget;
			buildConfigurationList = 3870AF7614E47F8E009D8118 /* Build configuration list for PBXNativeTarget "SPDY" */;
			buildPhases = (
				3870AF4E14E47F8E009D8118 /* Sources */,
				3870AF4F14E47F8E009D8118 /* Frameworks */,
				3870AF5014E47F8E009D8118 /* Headers */,
			);
			buildRules = (
			);
			dependencies = (
			);
			name = SPDY;
			productName = SPDY;
			productReference = 3870AF5214E47F8E009D8118 /* libSPDY.a */;
			productType = "com.apple.product-type.library.static";
		};
		3870AF6114E47F8E009D8118 /* SPDYTests */ = {
			isa = PBXNativeTarget;
			buildConfigurationList = 3870AF7914E47F8E009D8118 /* Build configuration list for PBXNativeTarget "SPDYTests" */;
			buildPhases = (
				3870AF5D14E47F8E009D8118 /* Sources */,
				3870AF5E14E47F8E009D8118 /* Frameworks */,
				3870AF5F14E47F8E009D8118 /* Resources */,
				3870AF6014E47F8E009D8118 /* ShellScript */,
			);
			buildRules = (
			);
			dependencies = (
				3870AF6914E47F8E009D8118 /* PBXTargetDependency */,
			);
			name = SPDYTests;
			productName = SPDYTests;
			productReference = 3870AF6214E47F8E009D8118 /* SPDYTests.octest */;
			productType = "com.apple.product-type.bundle";
		};
/* End PBXNativeTarget section */

/* Begin PBXProject section */
		3870AF4914E47F8E009D8118 /* Project object */ = {
			isa = PBXProject;
			attributes = {
				LastUpgradeCheck = 0430;
			};
			buildConfigurationList = 3870AF4C14E47F8E009D8118 /* Build configuration list for PBXProject "SPDY" */;
			compatibilityVersion = "Xcode 3.2";
			developmentRegion = English;
			hasScannedForEncodings = 0;
			knownRegions = (
				en,
			);
			mainGroup = 3870AF4714E47F8E009D8118;
			productRefGroup = 3870AF5314E47F8E009D8118 /* Products */;
			projectDirPath = "";
			projectRoot = "";
			targets = (
				3870AF5114E47F8E009D8118 /* SPDY */,
				3870AF6114E47F8E009D8118 /* SPDYTests */,
			);
		};
/* End PBXProject section */

/* Begin PBXResourcesBuildPhase section */
		3870AF5F14E47F8E009D8118 /* Resources */ = {
			isa = PBXResourcesBuildPhase;
			buildActionMask = 2147483647;
			files = (
				3870AF7014E47F8E009D8118 /* InfoPlist.strings in Resources */,
			);
			runOnlyForDeploymentPostprocessing = 0;
		};
/* End PBXResourcesBuildPhase section */

/* Begin PBXShellScriptBuildPhase section */
		3870AF6014E47F8E009D8118 /* ShellScript */ = {
			isa = PBXShellScriptBuildPhase;
			buildActionMask = 2147483647;
			files = (
			);
			inputPaths = (
			);
			outputPaths = (
			);
			runOnlyForDeploymentPostprocessing = 0;
			shellPath = /bin/sh;
			shellScript = "# Run the unit tests in this test bundle.\n\"${SRCROOT}/runTests.py\" \"${SRCROOT}\" \"${SYSTEM_DEVELOPER_DIR}/Tools/RunUnitTests\"\n";
		};
/* End PBXShellScriptBuildPhase section */

/* Begin PBXSourcesBuildPhase section */
		3870AF4E14E47F8E009D8118 /* Sources */ = {
			isa = PBXSourcesBuildPhase;
			buildActionMask = 2147483647;
			files = (
				3870AF5C14E47F8E009D8118 /* SPDY.m in Sources */,
				3800CAE314E48CAE00B85319 /* SpdySession.m in Sources */,
				3800CAE514E48CAE00B85319 /* SpdyStream.m in Sources */,
				3889D69014FEE41200DDED3F /* SpdyInputStream.m in Sources */,
			);
			runOnlyForDeploymentPostprocessing = 0;
		};
		3870AF5D14E47F8E009D8118 /* Sources */ = {
			isa = PBXSourcesBuildPhase;
			buildActionMask = 2147483647;
			files = (
				3870AF7314E47F8E009D8118 /* SPDYTests.m in Sources */,
				380A21A914F2FCE100262B13 /* SpdySessionTests.m in Sources */,
				380A212A14EC312300262B13 /* SpdyStreamTests.m in Sources */,
				3889D69D15001BD400DDED3F /* EndToEndTests.m in Sources */,
				3889D6A1150022DC00DDED3F /* SpdyInputStreamTests.m in Sources */,
			);
			runOnlyForDeploymentPostprocessing = 0;
		};
/* End PBXSourcesBuildPhase section */

/* Begin PBXTargetDependency section */
		3870AF6914E47F8E009D8118 /* PBXTargetDependency */ = {
			isa = PBXTargetDependency;
			target = 3870AF5114E47F8E009D8118 /* SPDY */;
			targetProxy = 3870AF6814E47F8E009D8118 /* PBXContainerItemProxy */;
		};
/* End PBXTargetDependency section */

/* Begin PBXVariantGroup section */
		3870AF6E14E47F8E009D8118 /* InfoPlist.strings */ = {
			isa = PBXVariantGroup;
			children = (
				3870AF6F14E47F8E009D8118 /* en */,
			);
			name = InfoPlist.strings;
			sourceTree = "<group>";
		};
/* End PBXVariantGroup section */

/* Begin XCBuildConfiguration section */
		3870AF7414E47F8E009D8118 /* Debug */ = {
			isa = XCBuildConfiguration;
			buildSettings = {
				"ADDITIONAL_SDKS[arch=*]" = "";
				ALWAYS_SEARCH_USER_PATHS = NO;
				ARCHS = "$(ARCHS_STANDARD_32_BIT)";
				COPY_PHASE_STRIP = NO;
				DSTROOT = "$(SRCROOT)/../build/lib";
				GCC_C_LANGUAGE_STANDARD = gnu99;
				GCC_DYNAMIC_NO_PIC = NO;
				GCC_OPTIMIZATION_LEVEL = 0;
				GCC_PREPROCESSOR_DEFINITIONS = (
					"DEBUG=1",
					"$(inherited)",
				);
				GCC_SYMBOLS_PRIVATE_EXTERN = NO;
				GCC_VERSION = com.apple.compilers.llvm.clang.1_0;
				GCC_WARN_ABOUT_MISSING_PROTOTYPES = YES;
				GCC_WARN_ABOUT_RETURN_TYPE = YES;
				GCC_WARN_UNUSED_VARIABLE = YES;
				IPHONEOS_DEPLOYMENT_TARGET = 4.0;
				ONLY_ACTIVE_ARCH = NO;
				SDKROOT = iphoneos;
				STRIP_INSTALLED_PRODUCT = NO;
				STRIP_STYLE = debugging;
				VALID_ARCHS = "i386 armv6 armv7";
			};
			name = Debug;
		};
		3870AF7514E47F8E009D8118 /* Release */ = {
			isa = XCBuildConfiguration;
			buildSettings = {
				ALWAYS_SEARCH_USER_PATHS = NO;
				ARCHS = "$(ARCHS_STANDARD_32_BIT)";
				COPY_PHASE_STRIP = NO;
				DSTROOT = "$(SRCROOT)/../build/lib";
				GCC_C_LANGUAGE_STANDARD = gnu99;
				GCC_VERSION = com.apple.compilers.llvm.clang.1_0;
				GCC_WARN_ABOUT_MISSING_PROTOTYPES = YES;
				GCC_WARN_ABOUT_RETURN_TYPE = YES;
				GCC_WARN_UNUSED_VARIABLE = YES;
				IPHONEOS_DEPLOYMENT_TARGET = 4.0;
				ONLY_ACTIVE_ARCH = NO;
				SDKROOT = iphoneos;
				STRIP_INSTALLED_PRODUCT = NO;
				STRIP_STYLE = debugging;
				VALIDATE_PRODUCT = YES;
				VALID_ARCHS = "i386 armv6 armv7";
			};
			name = Release;
		};
		3870AF7714E47F8E009D8118 /* Debug */ = {
			isa = XCBuildConfiguration;
			buildSettings = {
				CURRENT_PROJECT_VERSION = 0.1;
				DEPLOYMENT_LOCATION = YES;
				DSTROOT = "$(SRCROOT)/../build/";
				GCC_PRECOMPILE_PREFIX_HEADER = YES;
				GCC_PREFIX_HEADER = "SPDY/SPDY-Prefix.pch";
				GCC_VERSION = com.apple.compilers.llvm.clang.1_0;
				HEADER_SEARCH_PATHS = "$(SRCROOT)/../build/include";
				INSTALL_PATH = /lib;
				LIBRARY_SEARCH_PATHS = (
					"$(inherited)",
					"\"$(SRCROOT)/../build/lib\"",
				);
				OTHER_LDFLAGS = "-ObjC";
				PRODUCT_NAME = "$(TARGET_NAME)";
				PUBLIC_HEADERS_FOLDER_PATH = ../include/SPDY;
				SKIP_INSTALL = YES;
				VERSIONING_SYSTEM = "";
			};
			name = Debug;
		};
		3870AF7814E47F8E009D8118 /* Release */ = {
			isa = XCBuildConfiguration;
			buildSettings = {
				CURRENT_PROJECT_VERSION = 0.1;
				DEPLOYMENT_LOCATION = YES;
				DSTROOT = "$(SRCROOT)/../build/";
				GCC_PRECOMPILE_PREFIX_HEADER = YES;
				GCC_PREFIX_HEADER = "SPDY/SPDY-Prefix.pch";
				GCC_VERSION = com.apple.compilers.llvm.clang.1_0;
				HEADER_SEARCH_PATHS = "$(SRCROOT)/../build/include";
				INSTALL_PATH = /lib;
				LIBRARY_SEARCH_PATHS = (
					"$(inherited)",
					"\"$(SRCROOT)/../build/lib\"",
				);
				OTHER_LDFLAGS = "-ObjC";
				PRODUCT_NAME = "$(TARGET_NAME)";
				PUBLIC_HEADERS_FOLDER_PATH = ../include/SPDY;
				SKIP_INSTALL = YES;
				VERSIONING_SYSTEM = "";
			};
			name = Release;
		};
		3870AF7A14E47F8E009D8118 /* Debug */ = {
			isa = XCBuildConfiguration;
			buildSettings = {
				ARCHS = "$(ARCHS_STANDARD_32_BIT)";
				FRAMEWORK_SEARCH_PATHS = (
					"$(SDKROOT)/Developer/Library/Frameworks",
					"$(DEVELOPER_LIBRARY_DIR)/Frameworks",
					"\"$(DEVELOPER_DIR)/Platforms/iPhoneSimulator.platform/Developer/SDKs/iPhoneSimulator4.3.sdk/System/Library/Frameworks\"",
				);
				GCC_PRECOMPILE_PREFIX_HEADER = YES;
				GCC_PREFIX_HEADER = "SPDY/SPDY-Prefix.pch";
				INFOPLIST_FILE = "SPDYTests/SPDYTests-Info.plist";
				LIBRARY_SEARCH_PATHS = (
					"$(inherited)",
					"\"$(SRCROOT)/../build/lib\"",
				);
				PRODUCT_NAME = "$(TARGET_NAME)";
				VALID_ARCHS = "i386 armv6 armv7";
				WRAPPER_EXTENSION = octest;
			};
			name = Debug;
		};
		3870AF7B14E47F8E009D8118 /* Release */ = {
			isa = XCBuildConfiguration;
			buildSettings = {
				ARCHS = "$(ARCHS_STANDARD_32_BIT)";
				FRAMEWORK_SEARCH_PATHS = (
					"$(SDKROOT)/Developer/Library/Frameworks",
					"$(DEVELOPER_LIBRARY_DIR)/Frameworks",
					"\"$(DEVELOPER_DIR)/Platforms/iPhoneSimulator.platform/Developer/SDKs/iPhoneSimulator4.3.sdk/System/Library/Frameworks\"",
				);
				GCC_PRECOMPILE_PREFIX_HEADER = YES;
				GCC_PREFIX_HEADER = "SPDY/SPDY-Prefix.pch";
				INFOPLIST_FILE = "SPDYTests/SPDYTests-Info.plist";
				LIBRARY_SEARCH_PATHS = (
					"$(inherited)",
					"\"$(SRCROOT)/../build/lib\"",
				);
				PRODUCT_NAME = "$(TARGET_NAME)";
				VALID_ARCHS = "i386 armv6 armv7";
				WRAPPER_EXTENSION = octest;
			};
			name = Release;
		};
/* End XCBuildConfiguration section */

/* Begin XCConfigurationList section */
		3870AF4C14E47F8E009D8118 /* Build configuration list for PBXProject "SPDY" */ = {
			isa = XCConfigurationList;
			buildConfigurations = (
				3870AF7414E47F8E009D8118 /* Debug */,
				3870AF7514E47F8E009D8118 /* Release */,
			);
			defaultConfigurationIsVisible = 0;
			defaultConfigurationName = Release;
		};
		3870AF7614E47F8E009D8118 /* Build configuration list for PBXNativeTarget "SPDY" */ = {
			isa = XCConfigurationList;
			buildConfigurations = (
				3870AF7714E47F8E009D8118 /* Debug */,
				3870AF7814E47F8E009D8118 /* Release */,
			);
			defaultConfigurationIsVisible = 0;
			defaultConfigurationName = Release;
		};
		3870AF7914E47F8E009D8118 /* Build configuration list for PBXNativeTarget "SPDYTests" */ = {
			isa = XCConfigurationList;
			buildConfigurations = (
				3870AF7A14E47F8E009D8118 /* Debug */,
				3870AF7B14E47F8E009D8118 /* Release */,
			);
			defaultConfigurationIsVisible = 0;
			defaultConfigurationName = Release;
		};
/* End XCConfigurationList section */
	};
	rootObject = 3870AF4914E47F8E009D8118 /* Project object */;
}
