// !$*UTF8*$!
{
	archiveVersion = 1;
	classes = {
	};
	objectVersion = 46;
	objects = {

/* Begin PBXBuildFile section */
		384C2DD114D88C8F0091E05D /* CoreFoundation.framework in Frameworks */ = {isa = PBXBuildFile; fileRef = 384C2DD014D88C8F0091E05D /* CoreFoundation.framework */; };
		384C2DDE14D88E5C0091E05D /* main2.m in Sources */ = {isa = PBXBuildFile; fileRef = 384C2DDD14D88E5C0091E05D /* main2.m */; settings = {COMPILER_FLAGS = "-I../../OpenSSL-for-iPhone/include"; }; };
		384C2E0714D899090091E05D /* main.m in Sources */ = {isa = PBXBuildFile; fileRef = 384C2E0614D899080091E05D /* main.m */; };
		384C2E0914D89AB70091E05D /* libobjc.dylib in Frameworks */ = {isa = PBXBuildFile; fileRef = 384C2E0814D89AB70091E05D /* libobjc.dylib */; };
		384C2E0B14D89AF00091E05D /* Foundation.framework in Frameworks */ = {isa = PBXBuildFile; fileRef = 384C2E0A14D89AF00091E05D /* Foundation.framework */; };
		384C2E2014D8A0F60091E05D /* libcrypto.a in Frameworks */ = {isa = PBXBuildFile; fileRef = 384C2E1E14D8A0F60091E05D /* libcrypto.a */; };
		384C2E2114D8A0F60091E05D /* libssl.a in Frameworks */ = {isa = PBXBuildFile; fileRef = 384C2E1F14D8A0F60091E05D /* libssl.a */; };
		384C2E2414D8A5670091E05D /* spdycat.m in Sources */ = {isa = PBXBuildFile; fileRef = 384C2E2314D8A5670091E05D /* spdycat.m */; settings = {COMPILER_FLAGS = "-I../../OpenSSL-for-iPhone/include"; }; };
		384C2E2B14DB31F40091E05D /* libspdylay.a in Frameworks */ = {isa = PBXBuildFile; fileRef = 384C2E2914DB31540091E05D /* libspdylay.a */; };
		388F4D2714E1945B002F1870 /* WSSpdyStream.m in Sources */ = {isa = PBXBuildFile; fileRef = 388F4D2614E1945B002F1870 /* WSSpdyStream.m */; };
		388F4D3114E307A2002F1870 /* WSSpdySession.m in Sources */ = {isa = PBXBuildFile; fileRef = 388F4D3014E307A2002F1870 /* WSSpdySession.m */; settings = {COMPILER_FLAGS = "-I../../OpenSSL-for-iPhone/include"; }; };
/* End PBXBuildFile section */

/* Begin PBXCopyFilesBuildPhase section */
		384C2DCA14D88C8F0091E05D /* CopyFiles */ = {
			isa = PBXCopyFilesBuildPhase;
			buildActionMask = 2147483647;
			dstPath = /usr/share/man/man1/;
			dstSubfolderSpec = 0;
			files = (
			);
			runOnlyForDeploymentPostprocessing = 1;
		};
/* End PBXCopyFilesBuildPhase section */

/* Begin PBXFileReference section */
		384C2DCC14D88C8F0091E05D /* spdylay demo */ = {isa = PBXFileReference; explicitFileType = "compiled.mach-o.executable"; includeInIndex = 0; path = "spdylay demo"; sourceTree = BUILT_PRODUCTS_DIR; };
		384C2DD014D88C8F0091E05D /* CoreFoundation.framework */ = {isa = PBXFileReference; lastKnownFileType = wrapper.framework; name = CoreFoundation.framework; path = System/Library/Frameworks/CoreFoundation.framework; sourceTree = SDKROOT; };
		384C2DDC14D88E5C0091E05D /* main2.h */ = {isa = PBXFileReference; fileEncoding = 4; lastKnownFileType = sourcecode.c.h; path = main2.h; sourceTree = "<group>"; };
		384C2DDD14D88E5C0091E05D /* main2.m */ = {isa = PBXFileReference; fileEncoding = 4; lastKnownFileType = sourcecode.c.objc; path = main2.m; sourceTree = "<group>"; };
		384C2E0614D899080091E05D /* main.m */ = {isa = PBXFileReference; fileEncoding = 4; lastKnownFileType = sourcecode.c.objc; path = main.m; sourceTree = "<group>"; };
		384C2E0814D89AB70091E05D /* libobjc.dylib */ = {isa = PBXFileReference; lastKnownFileType = "compiled.mach-o.dylib"; name = libobjc.dylib; path = usr/lib/libobjc.dylib; sourceTree = SDKROOT; };
		384C2E0A14D89AF00091E05D /* Foundation.framework */ = {isa = PBXFileReference; lastKnownFileType = wrapper.framework; name = Foundation.framework; path = System/Library/Frameworks/Foundation.framework; sourceTree = SDKROOT; };
		384C2E1E14D8A0F60091E05D /* libcrypto.a */ = {isa = PBXFileReference; lastKnownFileType = archive.ar; name = libcrypto.a; path = "../../OpenSSL-for-iPhone/libcrypto.a"; sourceTree = "<group>"; };
		384C2E1F14D8A0F60091E05D /* libssl.a */ = {isa = PBXFileReference; lastKnownFileType = archive.ar; name = libssl.a; path = "../../OpenSSL-for-iPhone/libssl.a"; sourceTree = "<group>"; };
		384C2E2214D8A5670091E05D /* spdycat.h */ = {isa = PBXFileReference; fileEncoding = 4; lastKnownFileType = sourcecode.c.h; path = spdycat.h; sourceTree = "<group>"; };
		384C2E2314D8A5670091E05D /* spdycat.m */ = {isa = PBXFileReference; fileEncoding = 4; lastKnownFileType = sourcecode.c.objc; path = spdycat.m; sourceTree = "<group>"; };
		384C2E2914DB31540091E05D /* libspdylay.a */ = {isa = PBXFileReference; lastKnownFileType = archive.ar; name = libspdylay.a; path = ../../build/lib/libspdylay.a; sourceTree = "<group>"; };
		388F4D2514E1945B002F1870 /* WSSpdyStream.h */ = {isa = PBXFileReference; fileEncoding = 4; lastKnownFileType = sourcecode.c.h; path = WSSpdyStream.h; sourceTree = "<group>"; };
		388F4D2614E1945B002F1870 /* WSSpdyStream.m */ = {isa = PBXFileReference; fileEncoding = 4; lastKnownFileType = sourcecode.c.objc; path = WSSpdyStream.m; sourceTree = "<group>"; };
		388F4D2F14E307A2002F1870 /* WSSpdySession.h */ = {isa = PBXFileReference; fileEncoding = 4; lastKnownFileType = sourcecode.c.h; path = WSSpdySession.h; sourceTree = "<group>"; };
		388F4D3014E307A2002F1870 /* WSSpdySession.m */ = {isa = PBXFileReference; fileEncoding = 4; lastKnownFileType = sourcecode.c.objc; path = WSSpdySession.m; sourceTree = "<group>"; };
/* End PBXFileReference section */

/* Begin PBXFrameworksBuildPhase section */
		384C2DC914D88C8F0091E05D /* Frameworks */ = {
			isa = PBXFrameworksBuildPhase;
			buildActionMask = 2147483647;
			files = (
				384C2E2B14DB31F40091E05D /* libspdylay.a in Frameworks */,
				384C2E2014D8A0F60091E05D /* libcrypto.a in Frameworks */,
				384C2E2114D8A0F60091E05D /* libssl.a in Frameworks */,
				384C2E0B14D89AF00091E05D /* Foundation.framework in Frameworks */,
				384C2E0914D89AB70091E05D /* libobjc.dylib in Frameworks */,
				384C2DD114D88C8F0091E05D /* CoreFoundation.framework in Frameworks */,
			);
			runOnlyForDeploymentPostprocessing = 0;
		};
/* End PBXFrameworksBuildPhase section */

/* Begin PBXGroup section */
		384C2DC114D88C8F0091E05D = {
			isa = PBXGroup;
			children = (
				384C2E2914DB31540091E05D /* libspdylay.a */,
				384C2E1E14D8A0F60091E05D /* libcrypto.a */,
				384C2E1F14D8A0F60091E05D /* libssl.a */,
				384C2E0A14D89AF00091E05D /* Foundation.framework */,
				384C2E0814D89AB70091E05D /* libobjc.dylib */,
				384C2DD214D88C8F0091E05D /* spdylay demo */,
				384C2DCF14D88C8F0091E05D /* Frameworks */,
				384C2DCD14D88C8F0091E05D /* Products */,
			);
			sourceTree = "<group>";
		};
		384C2DCD14D88C8F0091E05D /* Products */ = {
			isa = PBXGroup;
			children = (
				384C2DCC14D88C8F0091E05D /* spdylay demo */,
			);
			name = Products;
			sourceTree = "<group>";
		};
		384C2DCF14D88C8F0091E05D /* Frameworks */ = {
			isa = PBXGroup;
			children = (
				384C2DD014D88C8F0091E05D /* CoreFoundation.framework */,
			);
			name = Frameworks;
			sourceTree = "<group>";
		};
		384C2DD214D88C8F0091E05D /* spdylay demo */ = {
			isa = PBXGroup;
			children = (
				384C2DDC14D88E5C0091E05D /* main2.h */,
				384C2E0614D899080091E05D /* main.m */,
				384C2DDD14D88E5C0091E05D /* main2.m */,
				384C2E2214D8A5670091E05D /* spdycat.h */,
				388F4D2F14E307A2002F1870 /* WSSpdySession.h */,
				388F4D3014E307A2002F1870 /* WSSpdySession.m */,
				384C2E2314D8A5670091E05D /* spdycat.m */,
				388F4D2514E1945B002F1870 /* WSSpdyStream.h */,
				388F4D2614E1945B002F1870 /* WSSpdyStream.m */,
			);
			path = "spdylay demo";
			sourceTree = "<group>";
		};
/* End PBXGroup section */

/* Begin PBXNativeTarget section */
		384C2DCB14D88C8F0091E05D /* spdylay demo */ = {
			isa = PBXNativeTarget;
			buildConfigurationList = 384C2DD914D88C8F0091E05D /* Build configuration list for PBXNativeTarget "spdylay demo" */;
			buildPhases = (
				384C2DC814D88C8F0091E05D /* Sources */,
				384C2DC914D88C8F0091E05D /* Frameworks */,
				384C2DCA14D88C8F0091E05D /* CopyFiles */,
			);
			buildRules = (
			);
			dependencies = (
			);
			name = "spdylay demo";
			productName = "spdylay demo";
			productReference = 384C2DCC14D88C8F0091E05D /* spdylay demo */;
			productType = "com.apple.product-type.tool";
		};
/* End PBXNativeTarget section */

/* Begin PBXProject section */
		384C2DC314D88C8F0091E05D /* Project object */ = {
			isa = PBXProject;
			attributes = {
				LastUpgradeCheck = 0420;
			};
			buildConfigurationList = 384C2DC614D88C8F0091E05D /* Build configuration list for PBXProject "spdylay demo" */;
			compatibilityVersion = "Xcode 3.2";
			developmentRegion = English;
			hasScannedForEncodings = 0;
			knownRegions = (
				en,
			);
			mainGroup = 384C2DC114D88C8F0091E05D;
			productRefGroup = 384C2DCD14D88C8F0091E05D /* Products */;
			projectDirPath = "";
			projectRoot = "";
			targets = (
				384C2DCB14D88C8F0091E05D /* spdylay demo */,
			);
		};
/* End PBXProject section */

/* Begin PBXSourcesBuildPhase section */
		384C2DC814D88C8F0091E05D /* Sources */ = {
			isa = PBXSourcesBuildPhase;
			buildActionMask = 2147483647;
			files = (
				384C2DDE14D88E5C0091E05D /* main2.m in Sources */,
				384C2E0714D899090091E05D /* main.m in Sources */,
				384C2E2414D8A5670091E05D /* spdycat.m in Sources */,
				388F4D2714E1945B002F1870 /* WSSpdyStream.m in Sources */,
				388F4D3114E307A2002F1870 /* WSSpdySession.m in Sources */,
			);
			runOnlyForDeploymentPostprocessing = 0;
		};
/* End PBXSourcesBuildPhase section */

/* Begin XCBuildConfiguration section */
		384C2DD714D88C8F0091E05D /* Debug */ = {
			isa = XCBuildConfiguration;
			buildSettings = {
				ALWAYS_SEARCH_USER_PATHS = NO;
				ARCHS = "$(ARCHS_STANDARD_64_BIT)";
				CLANG_ENABLE_OBJC_ARC = YES;
				COPY_PHASE_STRIP = NO;
				GCC_C_LANGUAGE_STANDARD = gnu99;
				GCC_DYNAMIC_NO_PIC = NO;
				GCC_ENABLE_OBJC_EXCEPTIONS = YES;
				GCC_ENABLE_OBJC_GC = supported;
				GCC_ENABLE_SSE3_EXTENSIONS = YES;
				GCC_OPTIMIZATION_LEVEL = 0;
				GCC_PREPROCESSOR_DEFINITIONS = (
					"DEBUG=1",
					"$(inherited)",
				);
				GCC_SYMBOLS_PRIVATE_EXTERN = NO;
				GCC_VERSION = com.apple.compilers.llvm.clang.1_0;
				GCC_WARN_64_TO_32_BIT_CONVERSION = YES;
				GCC_WARN_ABOUT_MISSING_PROTOTYPES = YES;
				GCC_WARN_ABOUT_RETURN_TYPE = YES;
				GCC_WARN_UNUSED_VARIABLE = YES;
				MACOSX_DEPLOYMENT_TARGET = 10.7;
				ONLY_ACTIVE_ARCH = YES;
				SDKROOT = macosx;
			};
			name = Debug;
		};
		384C2DD814D88C8F0091E05D /* Release */ = {
			isa = XCBuildConfiguration;
			buildSettings = {
				ALWAYS_SEARCH_USER_PATHS = NO;
				ARCHS = "$(ARCHS_STANDARD_64_BIT)";
				CLANG_ENABLE_OBJC_ARC = YES;
				COPY_PHASE_STRIP = YES;
				DEBUG_INFORMATION_FORMAT = "dwarf-with-dsym";
				GCC_C_LANGUAGE_STANDARD = gnu99;
				GCC_ENABLE_OBJC_EXCEPTIONS = YES;
				GCC_ENABLE_OBJC_GC = supported;
				GCC_ENABLE_SSE3_EXTENSIONS = YES;
				GCC_VERSION = com.apple.compilers.llvm.clang.1_0;
				GCC_WARN_64_TO_32_BIT_CONVERSION = YES;
				GCC_WARN_ABOUT_MISSING_PROTOTYPES = YES;
				GCC_WARN_ABOUT_RETURN_TYPE = YES;
				GCC_WARN_UNUSED_VARIABLE = YES;
				MACOSX_DEPLOYMENT_TARGET = 10.7;
				SDKROOT = macosx;
			};
			name = Release;
		};
		384C2DDA14D88C8F0091E05D /* Debug */ = {
			isa = XCBuildConfiguration;
			buildSettings = {
				ALWAYS_SEARCH_USER_PATHS = YES;
				"HEADER_SEARCH_PATHS[arch=*]" = (
					../../spdylay/lib/includes,
					"/Users/jim/git/t1/SPDY-for-iPhone/demo/spdylay",
					"demo/../../OpenSSL-for-iPhone/include",
				);
				LIBRARY_SEARCH_PATHS = (
					"$(inherited)",
					"\"$(SRCROOT)/../../OpenSSL-for-iPhone\"",
					"\"$(SRCROOT)/../../build/lib\"",
				);
				PRODUCT_NAME = "$(TARGET_NAME)";
			};
			name = Debug;
		};
		384C2DDB14D88C8F0091E05D /* Release */ = {
			isa = XCBuildConfiguration;
			buildSettings = {
				ALWAYS_SEARCH_USER_PATHS = YES;
				"HEADER_SEARCH_PATHS[arch=*]" = (
					../../spdylay/lib/includes,
					"/Users/jim/git/t1/SPDY-for-iPhone/demo/spdylay",
					"demo/../../OpenSSL-for-iPhone/include",
				);
				LIBRARY_SEARCH_PATHS = (
					"$(inherited)",
					"\"$(SRCROOT)/../../OpenSSL-for-iPhone\"",
					"\"$(SRCROOT)/../../build/lib\"",
				);
				PRODUCT_NAME = "$(TARGET_NAME)";
				STRIP_INSTALLED_PRODUCT = YES;
			};
			name = Release;
		};
/* End XCBuildConfiguration section */

/* Begin XCConfigurationList section */
		384C2DC614D88C8F0091E05D /* Build configuration list for PBXProject "spdylay demo" */ = {
			isa = XCConfigurationList;
			buildConfigurations = (
				384C2DD714D88C8F0091E05D /* Debug */,
				384C2DD814D88C8F0091E05D /* Release */,
			);
			defaultConfigurationIsVisible = 0;
			defaultConfigurationName = Release;
		};
		384C2DD914D88C8F0091E05D /* Build configuration list for PBXNativeTarget "spdylay demo" */ = {
			isa = XCConfigurationList;
			buildConfigurations = (
				384C2DDA14D88C8F0091E05D /* Debug */,
				384C2DDB14D88C8F0091E05D /* Release */,
			);
			defaultConfigurationIsVisible = 0;
			defaultConfigurationName = Release;
		};
/* End XCConfigurationList section */
	};
	rootObject = 384C2DC314D88C8F0091E05D /* Project object */;
}
